// !$*UTF8*$!
{
	archiveVersion = 1;
	classes = {
	};
	objectVersion = 56;
	objects = {

/* Begin PBXBuildFile section */
		8B126ED42B2AC85600F91A7C /* CryptoTableViewCell.swift in Sources */ = {isa = PBXBuildFile; fileRef = 8B126ED32B2AC85600F91A7C /* CryptoTableViewCell.swift */; };
		8B3D0ECA2B2C1C0F003281D9 /* myCollectionViewCell.swift in Sources */ = {isa = PBXBuildFile; fileRef = 8B3D0EC92B2C1C0F003281D9 /* myCollectionViewCell.swift */; };
		8B3D0ECC2B2C30ED003281D9 /* NavViewController.swift in Sources */ = {isa = PBXBuildFile; fileRef = 8B3D0ECB2B2C30ED003281D9 /* NavViewController.swift */; };
		8B3D0ECE2B2C4C64003281D9 /* EarnViewController.swift in Sources */ = {isa = PBXBuildFile; fileRef = 8B3D0ECD2B2C4C64003281D9 /* EarnViewController.swift */; };
		8B3E357F2B28383300AC219A /* AppDelegate.swift in Sources */ = {isa = PBXBuildFile; fileRef = 8B3E357E2B28383300AC219A /* AppDelegate.swift */; };
		8B3E35812B28383300AC219A /* SceneDelegate.swift in Sources */ = {isa = PBXBuildFile; fileRef = 8B3E35802B28383300AC219A /* SceneDelegate.swift */; };
		8B3E35832B28383300AC219A /* ViewController.swift in Sources */ = {isa = PBXBuildFile; fileRef = 8B3E35822B28383300AC219A /* ViewController.swift */; };
		8B3E35862B28383300AC219A /* Main.storyboard in Resources */ = {isa = PBXBuildFile; fileRef = 8B3E35842B28383300AC219A /* Main.storyboard */; };
		8B3E35882B28383500AC219A /* Assets.xcassets in Resources */ = {isa = PBXBuildFile; fileRef = 8B3E35872B28383500AC219A /* Assets.xcassets */; };
		8B3E358B2B28383500AC219A /* LaunchScreen.storyboard in Resources */ = {isa = PBXBuildFile; fileRef = 8B3E35892B28383500AC219A /* LaunchScreen.storyboard */; };
/* End PBXBuildFile section */

/* Begin PBXFileReference section */
		8B126ED32B2AC85600F91A7C /* CryptoTableViewCell.swift */ = {isa = PBXFileReference; lastKnownFileType = sourcecode.swift; path = CryptoTableViewCell.swift; sourceTree = "<group>"; };
		8B3D0EC92B2C1C0F003281D9 /* myCollectionViewCell.swift */ = {isa = PBXFileReference; lastKnownFileType = sourcecode.swift; path = myCollectionViewCell.swift; sourceTree = "<group>"; };
		8B3D0ECB2B2C30ED003281D9 /* NavViewController.swift */ = {isa = PBXFileReference; lastKnownFileType = sourcecode.swift; path = NavViewController.swift; sourceTree = "<group>"; };
		8B3D0ECD2B2C4C64003281D9 /* EarnViewController.swift */ = {isa = PBXFileReference; lastKnownFileType = sourcecode.swift; path = EarnViewController.swift; sourceTree = "<group>"; };
		8B3E357B2B28383300AC219A /* CoinDCX_Clone.app */ = {isa = PBXFileReference; explicitFileType = wrapper.application; includeInIndex = 0; path = CoinDCX_Clone.app; sourceTree = BUILT_PRODUCTS_DIR; };
		8B3E357E2B28383300AC219A /* AppDelegate.swift */ = {isa = PBXFileReference; lastKnownFileType = sourcecode.swift; path = AppDelegate.swift; sourceTree = "<group>"; };
		8B3E35802B28383300AC219A /* SceneDelegate.swift */ = {isa = PBXFileReference; lastKnownFileType = sourcecode.swift; path = SceneDelegate.swift; sourceTree = "<group>"; };
		8B3E35822B28383300AC219A /* ViewController.swift */ = {isa = PBXFileReference; lastKnownFileType = sourcecode.swift; path = ViewController.swift; sourceTree = "<group>"; };
		8B3E35852B28383300AC219A /* Base */ = {isa = PBXFileReference; lastKnownFileType = file.storyboard; name = Base; path = Base.lproj/Main.storyboard; sourceTree = "<group>"; };
		8B3E35872B28383500AC219A /* Assets.xcassets */ = {isa = PBXFileReference; lastKnownFileType = folder.assetcatalog; path = Assets.xcassets; sourceTree = "<group>"; };
		8B3E358A2B28383500AC219A /* Base */ = {isa = PBXFileReference; lastKnownFileType = file.storyboard; name = Base; path = Base.lproj/LaunchScreen.storyboard; sourceTree = "<group>"; };
		8B3E358C2B28383500AC219A /* Info.plist */ = {isa = PBXFileReference; lastKnownFileType = text.plist.xml; path = Info.plist; sourceTree = "<group>"; };
/* End PBXFileReference section */

/* Begin PBXFrameworksBuildPhase section */
		8B3E35782B28383300AC219A /* Frameworks */ = {
			isa = PBXFrameworksBuildPhase;
			buildActionMask = 2147483647;
			files = (
			);
			runOnlyForDeploymentPostprocessing = 0;
		};
/* End PBXFrameworksBuildPhase section */

/* Begin PBXGroup section */
		8B3E35722B28383300AC219A = {
			isa = PBXGroup;
			children = (
				8B3E357D2B28383300AC219A /* CoinDCX_Clone */,
				8B3E357C2B28383300AC219A /* Products */,
			);
			sourceTree = "<group>";
		};
		8B3E357C2B28383300AC219A /* Products */ = {
			isa = PBXGroup;
			children = (
				8B3E357B2B28383300AC219A /* CoinDCX_Clone.app */,
			);
			name = Products;
			sourceTree = "<group>";
		};
		8B3E357D2B28383300AC219A /* CoinDCX_Clone */ = {
			isa = PBXGroup;
			children = (
				8B3E357E2B28383300AC219A /* AppDelegate.swift */,
				8B3E35802B28383300AC219A /* SceneDelegate.swift */,
				8B3E35822B28383300AC219A /* ViewController.swift */,
				8B3E35842B28383300AC219A /* Main.storyboard */,
				8B3D0ECD2B2C4C64003281D9 /* EarnViewController.swift */,
				8B126ED32B2AC85600F91A7C /* CryptoTableViewCell.swift */,
				8B3D0EC92B2C1C0F003281D9 /* myCollectionViewCell.swift */,
				8B3D0ECB2B2C30ED003281D9 /* NavViewController.swift */,
				8B3E35872B28383500AC219A /* Assets.xcassets */,
				8B3E35892B28383500AC219A /* LaunchScreen.storyboard */,
				8B3E358C2B28383500AC219A /* Info.plist */,
			);
			path = CoinDCX_Clone;
			sourceTree = "<group>";
		};
/* End PBXGroup section */

/* Begin PBXNativeTarget section */
		8B3E357A2B28383300AC219A /* CoinDCX_Clone */ = {
			isa = PBXNativeTarget;
			buildConfigurationList = 8B3E358F2B28383500AC219A /* Build configuration list for PBXNativeTarget "CoinDCX_Clone" */;
			buildPhases = (
				8B3E35772B28383300AC219A /* Sources */,
				8B3E35782B28383300AC219A /* Frameworks */,
				8B3E35792B28383300AC219A /* Resources */,
			);
			buildRules = (
			);
			dependencies = (
			);
			name = CoinDCX_Clone;
			productName = CoinDCX_Clone;
			productReference = 8B3E357B2B28383300AC219A /* CoinDCX_Clone.app */;
			productType = "com.apple.product-type.application";
		};
/* End PBXNativeTarget section */

/* Begin PBXProject section */
		8B3E35732B28383300AC219A /* Project object */ = {
			isa = PBXProject;
			attributes = {
				BuildIndependentTargetsInParallel = 1;
				LastSwiftUpdateCheck = 1500;
				LastUpgradeCheck = 1500;
				TargetAttributes = {
					8B3E357A2B28383300AC219A = {
						CreatedOnToolsVersion = 15.0.1;
					};
				};
			};
			buildConfigurationList = 8B3E35762B28383300AC219A /* Build configuration list for PBXProject "CoinDCX_Clone" */;
			compatibilityVersion = "Xcode 14.0";
			developmentRegion = en;
			hasScannedForEncodings = 0;
			knownRegions = (
				en,
				Base,
			);
			mainGroup = 8B3E35722B28383300AC219A;
			productRefGroup = 8B3E357C2B28383300AC219A /* Products */;
			projectDirPath = "";
			projectRoot = "";
			targets = (
				8B3E357A2B28383300AC219A /* CoinDCX_Clone */,
			);
		};
/* End PBXProject section */

/* Begin PBXResourcesBuildPhase section */
		8B3E35792B28383300AC219A /* Resources */ = {
			isa = PBXResourcesBuildPhase;
			buildActionMask = 2147483647;
			files = (
				8B3E358B2B28383500AC219A /* LaunchScreen.storyboard in Resources */,
				8B3E35882B28383500AC219A /* Assets.xcassets in Resources */,
				8B3E35862B28383300AC219A /* Main.storyboard in Resources */,
			);
			runOnlyForDeploymentPostprocessing = 0;
		};
/* End PBXResourcesBuildPhase section */

/* Begin PBXSourcesBuildPhase section */
		8B3E35772B28383300AC219A /* Sources */ = {
			isa = PBXSourcesBuildPhase;
			buildActionMask = 2147483647;
			files = (
				8B126ED42B2AC85600F91A7C /* CryptoTableViewCell.swift in Sources */,
				8B3D0ECA2B2C1C0F003281D9 /* myCollectionViewCell.swift in Sources */,
				8B3E35832B28383300AC219A /* ViewController.swift in Sources */,
				8B3E357F2B28383300AC219A /* AppDelegate.swift in Sources */,
				8B3D0ECC2B2C30ED003281D9 /* NavViewController.swift in Sources */,
				8B3D0ECE2B2C4C64003281D9 /* EarnViewController.swift in Sources */,
				8B3E35812B28383300AC219A /* SceneDelegate.swift in Sources */,
			);
			runOnlyForDeploymentPostprocessing = 0;
		};
/* End PBXSourcesBuildPhase section */

/* Begin PBXVariantGroup section */
		8B3E35842B28383300AC219A /* Main.storyboard */ = {
			isa = PBXVariantGroup;
			children = (
				8B3E35852B28383300AC219A /* Base */,
			);
			name = Main.storyboard;
			sourceTree = "<group>";
		};
		8B3E35892B28383500AC219A /* LaunchScreen.storyboard */ = {
			isa = PBXVariantGroup;
			children = (
				8B3E358A2B28383500AC219A /* Base */,
			);
			name = LaunchScreen.storyboard;
			sourceTree = "<group>";
		};
/* End PBXVariantGroup section */

/* Begin XCBuildConfiguration section */
		8B3E358D2B28383500AC219A /* Debug */ = {
			isa = XCBuildConfiguration;
			buildSettings = {
				ALWAYS_SEARCH_USER_PATHS = NO;
				ASSETCATALOG_COMPILER_GENERATE_SWIFT_ASSET_SYMBOL_EXTENSIONS = YES;
				CLANG_ANALYZER_NONNULL = YES;
				CLANG_ANALYZER_NUMBER_OBJECT_CONVERSION = YES_AGGRESSIVE;
				CLANG_CXX_LANGUAGE_STANDARD = "gnu++20";
				CLANG_ENABLE_MODULES = YES;
				CLANG_ENABLE_OBJC_ARC = YES;
				CLANG_ENABLE_OBJC_WEAK = YES;
				CLANG_WARN_BLOCK_CAPTURE_AUTORELEASING = YES;
				CLANG_WARN_BOOL_CONVERSION = YES;
				CLANG_WARN_COMMA = YES;
				CLANG_WARN_CONSTANT_CONVERSION = YES;
				CLANG_WARN_DEPRECATED_OBJC_IMPLEMENTATIONS = YES;
				CLANG_WARN_DIRECT_OBJC_ISA_USAGE = YES_ERROR;
				CLANG_WARN_DOCUMENTATION_COMMENTS = YES;
				CLANG_WARN_EMPTY_BODY = YES;
				CLANG_WARN_ENUM_CONVERSION = YES;
				CLANG_WARN_INFINITE_RECURSION = YES;
				CLANG_WARN_INT_CONVERSION = YES;
				CLANG_WARN_NON_LITERAL_NULL_CONVERSION = YES;
				CLANG_WARN_OBJC_IMPLICIT_RETAIN_SELF = YES;
				CLANG_WARN_OBJC_LITERAL_CONVERSION = YES;
				CLANG_WARN_OBJC_ROOT_CLASS = YES_ERROR;
				CLANG_WARN_QUOTED_INCLUDE_IN_FRAMEWORK_HEADER = YES;
				CLANG_WARN_RANGE_LOOP_ANALYSIS = YES;
				CLANG_WARN_STRICT_PROTOTYPES = YES;
				CLANG_WARN_SUSPICIOUS_MOVE = YES;
				CLANG_WARN_UNGUARDED_AVAILABILITY = YES_AGGRESSIVE;
				CLANG_WARN_UNREACHABLE_CODE = YES;
				CLANG_WARN__DUPLICATE_METHOD_MATCH = YES;
				COPY_PHASE_STRIP = NO;
				DEBUG_INFORMATION_FORMAT = dwarf;
				ENABLE_STRICT_OBJC_MSGSEND = YES;
				ENABLE_TESTABILITY = YES;
				ENABLE_USER_SCRIPT_SANDBOXING = YES;
				GCC_C_LANGUAGE_STANDARD = gnu17;
				GCC_DYNAMIC_NO_PIC = NO;
				GCC_NO_COMMON_BLOCKS = YES;
				GCC_OPTIMIZATION_LEVEL = 0;
				GCC_PREPROCESSOR_DEFINITIONS = (
					"DEBUG=1",
					"$(inherited)",
				);
				GCC_WARN_64_TO_32_BIT_CONVERSION = YES;
				GCC_WARN_ABOUT_RETURN_TYPE = YES_ERROR;
				GCC_WARN_UNDECLARED_SELECTOR = YES;
				GCC_WARN_UNINITIALIZED_AUTOS = YES_AGGRESSIVE;
				GCC_WARN_UNUSED_FUNCTION = YES;
				GCC_WARN_UNUSED_VARIABLE = YES;
				IPHONEOS_DEPLOYMENT_TARGET = 17.0;
				LOCALIZATION_PREFERS_STRING_CATALOGS = YES;
				MTL_ENABLE_DEBUG_INFO = INCLUDE_SOURCE;
				MTL_FAST_MATH = YES;
				ONLY_ACTIVE_ARCH = YES;
				SDKROOT = iphoneos;
				SWIFT_ACTIVE_COMPILATION_CONDITIONS = "DEBUG $(inherited)";
				SWIFT_OPTIMIZATION_LEVEL = "-Onone";
			};
			name = Debug;
		};
		8B3E358E2B28383500AC219A /* Release */ = {
			isa = XCBuildConfiguration;
			buildSettings = {
				ALWAYS_SEARCH_USER_PATHS = NO;
				ASSETCATALOG_COMPILER_GENERATE_SWIFT_ASSET_SYMBOL_EXTENSIONS = YES;
				CLANG_ANALYZER_NONNULL = YES;
				CLANG_ANALYZER_NUMBER_OBJECT_CONVERSION = YES_AGGRESSIVE;
				CLANG_CXX_LANGUAGE_STANDARD = "gnu++20";
				CLANG_ENABLE_MODULES = YES;
				CLANG_ENABLE_OBJC_ARC = YES;
				CLANG_ENABLE_OBJC_WEAK = YES;
				CLANG_WARN_BLOCK_CAPTURE_AUTORELEASING = YES;
				CLANG_WARN_BOOL_CONVERSION = YES;
				CLANG_WARN_COMMA = YES;
				CLANG_WARN_CONSTANT_CONVERSION = YES;
				CLANG_WARN_DEPRECATED_OBJC_IMPLEMENTATIONS = YES;
				CLANG_WARN_DIRECT_OBJC_ISA_USAGE = YES_ERROR;
				CLANG_WARN_DOCUMENTATION_COMMENTS = YES;
				CLANG_WARN_EMPTY_BODY = YES;
				CLANG_WARN_ENUM_CONVERSION = YES;
				CLANG_WARN_INFINITE_RECURSION = YES;
				CLANG_WARN_INT_CONVERSION = YES;
				CLANG_WARN_NON_LITERAL_NULL_CONVERSION = YES;
				CLANG_WARN_OBJC_IMPLICIT_RETAIN_SELF = YES;
				CLANG_WARN_OBJC_LITERAL_CONVERSION = YES;
				CLANG_WARN_OBJC_ROOT_CLASS = YES_ERROR;
				CLANG_WARN_QUOTED_INCLUDE_IN_FRAMEWORK_HEADER = YES;
				CLANG_WARN_RANGE_LOOP_ANALYSIS = YES;
				CLANG_WARN_STRICT_PROTOTYPES = YES;
				CLANG_WARN_SUSPICIOUS_MOVE = YES;
				CLANG_WARN_UNGUARDED_AVAILABILITY = YES_AGGRESSIVE;
				CLANG_WARN_UNREACHABLE_CODE = YES;
				CLANG_WARN__DUPLICATE_METHOD_MATCH = YES;
				COPY_PHASE_STRIP = NO;
				DEBUG_INFORMATION_FORMAT = "dwarf-with-dsym";
				ENABLE_NS_ASSERTIONS = NO;
				ENABLE_STRICT_OBJC_MSGSEND = YES;
				ENABLE_USER_SCRIPT_SANDBOXING = YES;
				GCC_C_LANGUAGE_STANDARD = gnu17;
				GCC_NO_COMMON_BLOCKS = YES;
				GCC_WARN_64_TO_32_BIT_CONVERSION = YES;
				GCC_WARN_ABOUT_RETURN_TYPE = YES_ERROR;
				GCC_WARN_UNDECLARED_SELECTOR = YES;
				GCC_WARN_UNINITIALIZED_AUTOS = YES_AGGRESSIVE;
				GCC_WARN_UNUSED_FUNCTION = YES;
				GCC_WARN_UNUSED_VARIABLE = YES;
				IPHONEOS_DEPLOYMENT_TARGET = 17.0;
				LOCALIZATION_PREFERS_STRING_CATALOGS = YES;
				MTL_ENABLE_DEBUG_INFO = NO;
				MTL_FAST_MATH = YES;
				SDKROOT = iphoneos;
				SWIFT_COMPILATION_MODE = wholemodule;
				VALIDATE_PRODUCT = YES;
			};
			name = Release;
		};
		8B3E35902B28383500AC219A /* Debug */ = {
			isa = XCBuildConfiguration;
			buildSettings = {
				ASSETCATALOG_COMPILER_APPICON_NAME = AppIcon;
				ASSETCATALOG_COMPILER_GLOBAL_ACCENT_COLOR_NAME = AccentColor;
				CODE_SIGN_STYLE = Automatic;
				CURRENT_PROJECT_VERSION = 1;
				DEVELOPMENT_TEAM = XAP33Q8Y5W;
				GENERATE_INFOPLIST_FILE = YES;
				INFOPLIST_FILE = CoinDCX_Clone/Info.plist;
				INFOPLIST_KEY_UIApplicationSupportsIndirectInputEvents = YES;
				INFOPLIST_KEY_UILaunchStoryboardName = LaunchScreen;
				INFOPLIST_KEY_UIMainStoryboardFile = Main;
				INFOPLIST_KEY_UISupportedInterfaceOrientations_iPad = "UIInterfaceOrientationPortrait UIInterfaceOrientationPortraitUpsideDown UIInterfaceOrientationLandscapeLeft UIInterfaceOrientationLandscapeRight";
				INFOPLIST_KEY_UISupportedInterfaceOrientations_iPhone = "UIInterfaceOrientationPortrait UIInterfaceOrientationLandscapeLeft UIInterfaceOrientationLandscapeRight";
				IPHONEOS_DEPLOYMENT_TARGET = 13.0;
				LD_RUNPATH_SEARCH_PATHS = (
					"$(inherited)",
					"@executable_path/Frameworks",
				);
				MARKETING_VERSION = 1.0;
				PRODUCT_BUNDLE_IDENTIFIER = "com.pccenter.Test1.CoinDCX-Clone";
				PRODUCT_NAME = "$(TARGET_NAME)";
				SWIFT_EMIT_LOC_STRINGS = YES;
				SWIFT_VERSION = 5.0;
				TARGETED_DEVICE_FAMILY = "1,2";
			};
			name = Debug;
		};
		8B3E35912B28383500AC219A /* Release */ = {
			isa = XCBuildConfiguration;
			buildSettings = {
				ASSETCATALOG_COMPILER_APPICON_NAME = AppIcon;
				ASSETCATALOG_COMPILER_GLOBAL_ACCENT_COLOR_NAME = AccentColor;
				CODE_SIGN_STYLE = Automatic;
				CURRENT_PROJECT_VERSION = 1;
				DEVELOPMENT_TEAM = XAP33Q8Y5W;
				GENERATE_INFOPLIST_FILE = YES;
				INFOPLIST_FILE = CoinDCX_Clone/Info.plist;
				INFOPLIST_KEY_UIApplicationSupportsIndirectInputEvents = YES;
				INFOPLIST_KEY_UILaunchStoryboardName = LaunchScreen;
				INFOPLIST_KEY_UIMainStoryboardFile = Main;
				INFOPLIST_KEY_UISupportedInterfaceOrientations_iPad = "UIInterfaceOrientationPortrait UIInterfaceOrientationPortraitUpsideDown UIInterfaceOrientationLandscapeLeft UIInterfaceOrientationLandscapeRight";
				INFOPLIST_KEY_UISupportedInterfaceOrientations_iPhone = "UIInterfaceOrientationPortrait UIInterfaceOrientationLandscapeLeft UIInterfaceOrientationLandscapeRight";
				IPHONEOS_DEPLOYMENT_TARGET = 13.0;
				LD_RUNPATH_SEARCH_PATHS = (
					"$(inherited)",
					"@executable_path/Frameworks",
				);
				MARKETING_VERSION = 1.0;
				PRODUCT_BUNDLE_IDENTIFIER = "com.pccenter.Test1.CoinDCX-Clone";
				PRODUCT_NAME = "$(TARGET_NAME)";
				SWIFT_EMIT_LOC_STRINGS = YES;
				SWIFT_VERSION = 5.0;
				TARGETED_DEVICE_FAMILY = "1,2";
			};
			name = Release;
		};
/* End XCBuildConfiguration section */

/* Begin XCConfigurationList section */
		8B3E35762B28383300AC219A /* Build configuration list for PBXProject "CoinDCX_Clone" */ = {
			isa = XCConfigurationList;
			buildConfigurations = (
				8B3E358D2B28383500AC219A /* Debug */,
				8B3E358E2B28383500AC219A /* Release */,
			);
			defaultConfigurationIsVisible = 0;
			defaultConfigurationName = Release;
		};
		8B3E358F2B28383500AC219A /* Build configuration list for PBXNativeTarget "CoinDCX_Clone" */ = {
			isa = XCConfigurationList;
			buildConfigurations = (
				8B3E35902B28383500AC219A /* Debug */,
				8B3E35912B28383500AC219A /* Release */,
			);
			defaultConfigurationIsVisible = 0;
			defaultConfigurationName = Release;
		};
/* End XCConfigurationList section */
	};
	rootObject = 8B3E35732B28383300AC219A /* Project object */;
}
